
Microsoft Visual Studio Solution File, Format Version 12.00
# Visual Studio 15
VisualStudioVersion = 15.0.27428.2037
MinimumVisualStudioVersion = 10.0.40219.1
Project("{FAE04EC0-301F-11D3-BF4B-00C04F79EFBC}") = "TIMER", "TIMER\TIMER.csproj", "{422F09A9-05DF-4D97-B508-D15DC89A1C37}"
EndProject
Global
	GlobalSection(SolutionConfigurationPlatforms) = preSolution
		Debug|Any CPU = Debug|Any CPU
		Release|Any CPU = Release|Any CPU
	EndGlobalSection
	GlobalSection(ProjectConfigurationPlatforms) = postSolution
		{422F09A9-05DF-4D97-B508-D15DC89A1C37}.Debug|Any CPU.ActiveCfg = Debug|Any CPU
		{422F09A9-05DF-4D97-B508-D15DC89A1C37}.Debug|Any CPU.Build.0 = Debug|Any CPU
		{422F09A9-05DF-4D97-B508-D15DC89A1C37}.Release|Any CPU.ActiveCfg = Release|Any CPU
		{422F09A9-05DF-4D97-B508-D15DC89A1C37}.Release|Any CPU.Build.0 = Release|Any CPU
	EndGlobalSection
	GlobalSection(SolutionProperties) = preSolution
		HideSolutionNode = FALSE
	EndGlobalSection
	GlobalSection(ExtensibilityGlobals) = postSolution
		SolutionGuid = {AE0F1CB6-1416-4DD7-A9E8-976691C6E41B}
	EndGlobalSection
EndGlobal
